
Microsoft Visual Studio Solution File, Format Version 12.00
# Visual Studio 15
VisualStudioVersion = 15.0.26403.0
MinimumVisualStudioVersion = 10.0.40219.1
Project("{9A19103F-16F7-4668-BE54-9A1E7A4F7556}") = "CoreCover.Sample.Tests", "CoreCover.Sample.Tests\CoreCover.Sample.Tests.csproj", "{0A2EDEF1-38D6-4474-BB0A-4D5221DBEE7B}"
EndProject
Project("{9A19103F-16F7-4668-BE54-9A1E7A4F7556}") = "CoreCover.Sample.Library", "CoreCover.Sample.Library\CoreCover.Sample.Library.csproj", "{26609B59-E48F-40DE-BED9-ED1D5F65661F}"
EndProject
Project("{9A19103F-16F7-4668-BE54-9A1E7A4F7556}") = "CoreCover.Tests", "CoreCover.Tests\CoreCover.Tests.csproj", "{5E93C818-7CDA-41BC-BB33-0BEA1FE133F3}"
EndProject
Project("{9A19103F-16F7-4668-BE54-9A1E7A4F7556}") = "CoreCover", "CoreCover\CoreCover.csproj", "{9F49029D-EA95-49F3-9A35-DBC1AA731BB1}"
EndProject
Project("{FAE04EC0-301F-11D3-BF4B-00C04F79EFBC}") = "CoreCover.Instrumentation", "CoreCover.Instrumentation\CoreCover.Instrumentation.csproj", "{8887D7B8-3220-4751-A6B9-7B3288B83374}"
EndProject
Project("{2150E333-8FDC-42A3-9474-1A3956D46DE8}") = "Solution Items", "Solution Items", "{EF73A4DC-9F5B-475C-9DF1-7FB445B2FD0C}"
	ProjectSection(SolutionItems) = preProject
		..\README.md = ..\README.md
	EndProjectSection
EndProject
Project("{FAE04EC0-301F-11D3-BF4B-00C04F79EFBC}") = "CoreCover.Framework", "CoreCover.Framework\CoreCover.Framework.csproj", "{E27B1B0E-F7AE-4248-8A34-BF301A604F77}"
EndProject
Project("{FAE04EC0-301F-11D3-BF4B-00C04F79EFBC}") = "OpenCover.Framework.Model", "OpenCover.Framework.Model\OpenCover.Framework.Model.csproj", "{850404F1-AEAB-45DC-AC91-C8CDDEBA9744}"
EndProject
Global
	GlobalSection(SolutionConfigurationPlatforms) = preSolution
		Debug|Any CPU = Debug|Any CPU
		Release|Any CPU = Release|Any CPU
	EndGlobalSection
	GlobalSection(ProjectConfigurationPlatforms) = postSolution
		{0A2EDEF1-38D6-4474-BB0A-4D5221DBEE7B}.Debug|Any CPU.ActiveCfg = Debug|Any CPU
		{0A2EDEF1-38D6-4474-BB0A-4D5221DBEE7B}.Debug|Any CPU.Build.0 = Debug|Any CPU
		{0A2EDEF1-38D6-4474-BB0A-4D5221DBEE7B}.Release|Any CPU.ActiveCfg = Release|Any CPU
		{0A2EDEF1-38D6-4474-BB0A-4D5221DBEE7B}.Release|Any CPU.Build.0 = Release|Any CPU
		{26609B59-E48F-40DE-BED9-ED1D5F65661F}.Debug|Any CPU.ActiveCfg = Debug|Any CPU
		{26609B59-E48F-40DE-BED9-ED1D5F65661F}.Debug|Any CPU.Build.0 = Debug|Any CPU
		{26609B59-E48F-40DE-BED9-ED1D5F65661F}.Release|Any CPU.ActiveCfg = Release|Any CPU
		{26609B59-E48F-40DE-BED9-ED1D5F65661F}.Release|Any CPU.Build.0 = Release|Any CPU
		{5E93C818-7CDA-41BC-BB33-0BEA1FE133F3}.Debug|Any CPU.ActiveCfg = Debug|Any CPU
		{5E93C818-7CDA-41BC-BB33-0BEA1FE133F3}.Debug|Any CPU.Build.0 = Debug|Any CPU
		{5E93C818-7CDA-41BC-BB33-0BEA1FE133F3}.Release|Any CPU.ActiveCfg = Release|Any CPU
		{5E93C818-7CDA-41BC-BB33-0BEA1FE133F3}.Release|Any CPU.Build.0 = Release|Any CPU
		{9F49029D-EA95-49F3-9A35-DBC1AA731BB1}.Debug|Any CPU.ActiveCfg = Debug|Any CPU
		{9F49029D-EA95-49F3-9A35-DBC1AA731BB1}.Debug|Any CPU.Build.0 = Debug|Any CPU
		{9F49029D-EA95-49F3-9A35-DBC1AA731BB1}.Release|Any CPU.ActiveCfg = Release|Any CPU
		{9F49029D-EA95-49F3-9A35-DBC1AA731BB1}.Release|Any CPU.Build.0 = Release|Any CPU
		{8887D7B8-3220-4751-A6B9-7B3288B83374}.Debug|Any CPU.ActiveCfg = Debug|Any CPU
		{8887D7B8-3220-4751-A6B9-7B3288B83374}.Debug|Any CPU.Build.0 = Debug|Any CPU
		{8887D7B8-3220-4751-A6B9-7B3288B83374}.Release|Any CPU.ActiveCfg = Release|Any CPU
		{8887D7B8-3220-4751-A6B9-7B3288B83374}.Release|Any CPU.Build.0 = Release|Any CPU
		{E27B1B0E-F7AE-4248-8A34-BF301A604F77}.Debug|Any CPU.ActiveCfg = Debug|Any CPU
		{E27B1B0E-F7AE-4248-8A34-BF301A604F77}.Debug|Any CPU.Build.0 = Debug|Any CPU
		{E27B1B0E-F7AE-4248-8A34-BF301A604F77}.Release|Any CPU.ActiveCfg = Release|Any CPU
		{E27B1B0E-F7AE-4248-8A34-BF301A604F77}.Release|Any CPU.Build.0 = Release|Any CPU
		{850404F1-AEAB-45DC-AC91-C8CDDEBA9744}.Debug|Any CPU.ActiveCfg = Debug|Any CPU
		{850404F1-AEAB-45DC-AC91-C8CDDEBA9744}.Debug|Any CPU.Build.0 = Debug|Any CPU
		{850404F1-AEAB-45DC-AC91-C8CDDEBA9744}.Release|Any CPU.ActiveCfg = Release|Any CPU
		{850404F1-AEAB-45DC-AC91-C8CDDEBA9744}.Release|Any CPU.Build.0 = Release|Any CPU
	EndGlobalSection
	GlobalSection(SolutionProperties) = preSolution
		HideSolutionNode = FALSE
	EndGlobalSection
EndGlobal
